
Microsoft Visual Studio Solution File, Format Version 12.00
# Visual Studio Version 16
VisualStudioVersion = 16.0.32602.291
MinimumVisualStudioVersion = 10.0.40219.1
Project("{FAE04EC0-301F-11D3-BF4B-00C04F79EFBC}") = "ayfxCSVParser", "ayfxCSVParser\ayfxCSVParser.csproj", "{A2756AD6-E978-4AD6-B978-8036E338DC80}"
EndProject
Global
	GlobalSection(SolutionConfigurationPlatforms) = preSolution
		Debug|Any CPU = Debug|Any CPU
		Release|Any CPU = Release|Any CPU
	EndGlobalSection
	GlobalSection(ProjectConfigurationPlatforms) = postSolution
		{A2756AD6-E978-4AD6-B978-8036E338DC80}.Debug|Any CPU.ActiveCfg = Debug|Any CPU
		{A2756AD6-E978-4AD6-B978-8036E338DC80}.Debug|Any CPU.Build.0 = Debug|Any CPU
		{A2756AD6-E978-4AD6-B978-8036E338DC80}.Release|Any CPU.ActiveCfg = Release|Any CPU
		{A2756AD6-E978-4AD6-B978-8036E338DC80}.Release|Any CPU.Build.0 = Release|Any CPU
	EndGlobalSection
	GlobalSection(SolutionProperties) = preSolution
		HideSolutionNode = FALSE
	EndGlobalSection
	GlobalSection(ExtensibilityGlobals) = postSolution
		SolutionGuid = {7880204E-C722-4C00-97DA-7D9ECC75BB59}
	EndGlobalSection
EndGlobal
