
Microsoft Visual Studio Solution File, Format Version 12.00
# Visual Studio Version 16
VisualStudioVersion = 16.0.29009.5
MinimumVisualStudioVersion = 10.0.40219.1
Project("{FAE04EC0-301F-11D3-BF4B-00C04F79EFBC}") = "tmxParser", "tmxParser\tmxParser.csproj", "{40795080-D638-41CA-92A5-F814FEF9CF9B}"
EndProject
Global
	GlobalSection(SolutionConfigurationPlatforms) = preSolution
		Debug|Any CPU = Debug|Any CPU
		Release|Any CPU = Release|Any CPU
	EndGlobalSection
	GlobalSection(ProjectConfigurationPlatforms) = postSolution
		{40795080-D638-41CA-92A5-F814FEF9CF9B}.Debug|Any CPU.ActiveCfg = Debug|Any CPU
		{40795080-D638-41CA-92A5-F814FEF9CF9B}.Debug|Any CPU.Build.0 = Debug|Any CPU
		{40795080-D638-41CA-92A5-F814FEF9CF9B}.Release|Any CPU.ActiveCfg = Release|Any CPU
		{40795080-D638-41CA-92A5-F814FEF9CF9B}.Release|Any CPU.Build.0 = Release|Any CPU
	EndGlobalSection
	GlobalSection(SolutionProperties) = preSolution
		HideSolutionNode = FALSE
	EndGlobalSection
	GlobalSection(ExtensibilityGlobals) = postSolution
		SolutionGuid = {9EC3223A-81ED-4C03-BF4B-FBEC950E7555}
	EndGlobalSection
EndGlobal
